
Microsoft Visual Studio Solution File, Format Version 12.00
# Visual Studio Version 16
VisualStudioVersion = 16.0.33920.266
MinimumVisualStudioVersion = 10.0.40219.1
Project("{FAE04EC0-301F-11D3-BF4B-00C04F79EFBC}") = "TestDepolyment", "TestDepolyment\TestDepolyment.csproj", "{0115232B-E5B0-4B98-83E8-3FBA16E9BC73}"
EndProject
Global
	GlobalSection(SolutionConfigurationPlatforms) = preSolution
		Debug|Any CPU = Debug|Any CPU
		Release|Any CPU = Release|Any CPU
	EndGlobalSection
	GlobalSection(ProjectConfigurationPlatforms) = postSolution
		{0115232B-E5B0-4B98-83E8-3FBA16E9BC73}.Debug|Any CPU.ActiveCfg = Debug|Any CPU
		{0115232B-E5B0-4B98-83E8-3FBA16E9BC73}.Debug|Any CPU.Build.0 = Debug|Any CPU
		{0115232B-E5B0-4B98-83E8-3FBA16E9BC73}.Release|Any CPU.ActiveCfg = Release|Any CPU
		{0115232B-E5B0-4B98-83E8-3FBA16E9BC73}.Release|Any CPU.Build.0 = Release|Any CPU
	EndGlobalSection
	GlobalSection(SolutionProperties) = preSolution
		HideSolutionNode = FALSE
	EndGlobalSection
	GlobalSection(ExtensibilityGlobals) = postSolution
		SolutionGuid = {E1E91F60-DB83-4DEC-8875-41F35C76E4E2}
	EndGlobalSection
EndGlobal
